// !$*UTF8*$!
{
	archiveVersion = 1;
	classes = {
	};
	objectVersion = 46;
	objects = {

/* Begin PBXBuildFile section */
		A578A009C6A418F567FF9417 /* Pods_BasePods_RMCore.framework in Frameworks */ = {isa = PBXBuildFile; fileRef = F0F75D6529A8FBED391CD867 /* Pods_BasePods_RMCore.framework */; };
		A764DE791E395723001541E8 /* CollectionType+Extensions.swift in Sources */ = {isa = PBXBuildFile; fileRef = A764DE781E395723001541E8 /* CollectionType+Extensions.swift */; };
		A7BB5E0A1CD36275007BC254 /* RMCore.h in Headers */ = {isa = PBXBuildFile; fileRef = A7BB5E091CD36275007BC254 /* RMCore.h */; settings = {ATTRIBUTES = (Public, ); }; };
		A7BB5E111CD36275007BC254 /* RMCore.framework in Frameworks */ = {isa = PBXBuildFile; fileRef = A7BB5E061CD36275007BC254 /* RMCore.framework */; };
		A7BB5E161CD36275007BC254 /* RMCoreTests.swift in Sources */ = {isa = PBXBuildFile; fileRef = A7BB5E151CD36275007BC254 /* RMCoreTests.swift */; };
		A7BB5E281CD362F7007BC254 /* UIView+Extensions.swift in Sources */ = {isa = PBXBuildFile; fileRef = A7BB5E211CD362F7007BC254 /* UIView+Extensions.swift */; };
		A7BB5E291CD362F7007BC254 /* RMTableRow.swift in Sources */ = {isa = PBXBuildFile; fileRef = A7BB5E241CD362F7007BC254 /* RMTableRow.swift */; };
		A7BB5E2A1CD362F7007BC254 /* RMTableSection.swift in Sources */ = {isa = PBXBuildFile; fileRef = A7BB5E251CD362F7007BC254 /* RMTableSection.swift */; };
		A7BB5E2B1CD362F7007BC254 /* RMTableViewCell.swift in Sources */ = {isa = PBXBuildFile; fileRef = A7BB5E271CD362F7007BC254 /* RMTableViewCell.swift */; };
		A7C2CE5E1CD52352006C5E3F /* CIImage+Extensions.swift in Sources */ = {isa = PBXBuildFile; fileRef = A7C2CE5D1CD52352006C5E3F /* CIImage+Extensions.swift */; };
		A7C2CE6C1CD59AED006C5E3F /* UIImage+Extensions.swift in Sources */ = {isa = PBXBuildFile; fileRef = A7C2CE6B1CD59AED006C5E3F /* UIImage+Extensions.swift */; };
		A7C40A511CE2846D008A1C8B /* UILabel+Extensions.swift in Sources */ = {isa = PBXBuildFile; fileRef = A7C40A501CE2846D008A1C8B /* UILabel+Extensions.swift */; };
		A7C609AF1CED5E4600952F1F /* RMTableSectionView.swift in Sources */ = {isa = PBXBuildFile; fileRef = A7C609AE1CED5E4600952F1F /* RMTableSectionView.swift */; };
		A7CA312B1CD3C5920085AEB1 /* RMTableManager.swift in Sources */ = {isa = PBXBuildFile; fileRef = A7CA312A1CD3C5920085AEB1 /* RMTableManager.swift */; };
		A7CA31341CD3C8F40085AEB1 /* UIColor+Extensions.swift in Sources */ = {isa = PBXBuildFile; fileRef = A7CA31331CD3C8F40085AEB1 /* UIColor+Extensions.swift */; };
		A7CA31391CD3C9700085AEB1 /* String+Extensions.swift in Sources */ = {isa = PBXBuildFile; fileRef = A7CA31381CD3C9700085AEB1 /* String+Extensions.swift */; };
		A7CA31421CD3EA7D0085AEB1 /* RMCollectionSection.swift in Sources */ = {isa = PBXBuildFile; fileRef = A7CA31411CD3EA7D0085AEB1 /* RMCollectionSection.swift */; };
		A7CA31451CD3EB420085AEB1 /* RMCollectionRow.swift in Sources */ = {isa = PBXBuildFile; fileRef = A7CA31441CD3EB420085AEB1 /* RMCollectionRow.swift */; };
		A7CA31471CD3EB8C0085AEB1 /* RMCollectionViewCell.swift in Sources */ = {isa = PBXBuildFile; fileRef = A7CA31461CD3EB8C0085AEB1 /* RMCollectionViewCell.swift */; };
		A7CA31491CD3EC320085AEB1 /* RMCollectionManager.swift in Sources */ = {isa = PBXBuildFile; fileRef = A7CA31481CD3EC320085AEB1 /* RMCollectionManager.swift */; };
		A7DDA3091CFB57D300A92F50 /* RMCollectionSectionView.swift in Sources */ = {isa = PBXBuildFile; fileRef = A7DDA3081CFB57D300A92F50 /* RMCollectionSectionView.swift */; };
		C26AD1EE1F44B1A300D1F2BD /* HasReuseIdentifier.swift in Sources */ = {isa = PBXBuildFile; fileRef = C26AD1ED1F44B1A300D1F2BD /* HasReuseIdentifier.swift */; };
		C26AD1F01F44B28500D1F2BD /* HashableType.swift in Sources */ = {isa = PBXBuildFile; fileRef = C26AD1EF1F44B28500D1F2BD /* HashableType.swift */; };
		C20C522D1F2295C800DC3393 /* RMTableManager+Workaround.m in Sources */ = {isa = PBXBuildFile; fileRef = C20C522B1F2295C800DC3393 /* RMTableManager+Workaround.m */; };
/* End PBXBuildFile section */

/* Begin PBXContainerItemProxy section */
		A7BB5E121CD36275007BC254 /* PBXContainerItemProxy */ = {
			isa = PBXContainerItemProxy;
			containerPortal = A7BB5DFD1CD36275007BC254 /* Project object */;
			proxyType = 1;
			remoteGlobalIDString = A7BB5E051CD36275007BC254;
			remoteInfo = RMCore;
		};
/* End PBXContainerItemProxy section */

/* Begin PBXFileReference section */
		8C71DBAE9A58A694A13D1ABC /* Pods.framework */ = {isa = PBXFileReference; explicitFileType = wrapper.framework; includeInIndex = 0; path = Pods.framework; sourceTree = BUILT_PRODUCTS_DIR; };
		A764DE781E395723001541E8 /* CollectionType+Extensions.swift */ = {isa = PBXFileReference; fileEncoding = 4; lastKnownFileType = sourcecode.swift; path = "CollectionType+Extensions.swift"; sourceTree = "<group>"; };
		A7BB5E061CD36275007BC254 /* RMCore.framework */ = {isa = PBXFileReference; explicitFileType = wrapper.framework; includeInIndex = 0; path = RMCore.framework; sourceTree = BUILT_PRODUCTS_DIR; };
		A7BB5E091CD36275007BC254 /* RMCore.h */ = {isa = PBXFileReference; lastKnownFileType = sourcecode.c.h; path = RMCore.h; sourceTree = "<group>"; };
		A7BB5E0B1CD36275007BC254 /* Info.plist */ = {isa = PBXFileReference; lastKnownFileType = text.plist.xml; path = Info.plist; sourceTree = "<group>"; };
		A7BB5E101CD36275007BC254 /* RMCoreTests.xctest */ = {isa = PBXFileReference; explicitFileType = wrapper.cfbundle; includeInIndex = 0; path = RMCoreTests.xctest; sourceTree = BUILT_PRODUCTS_DIR; };
		A7BB5E151CD36275007BC254 /* RMCoreTests.swift */ = {isa = PBXFileReference; lastKnownFileType = sourcecode.swift; path = RMCoreTests.swift; sourceTree = "<group>"; };
		A7BB5E171CD36275007BC254 /* Info.plist */ = {isa = PBXFileReference; lastKnownFileType = text.plist.xml; path = Info.plist; sourceTree = "<group>"; };
		A7BB5E211CD362F7007BC254 /* UIView+Extensions.swift */ = {isa = PBXFileReference; fileEncoding = 4; lastKnownFileType = sourcecode.swift; path = "UIView+Extensions.swift"; sourceTree = "<group>"; };
		A7BB5E241CD362F7007BC254 /* RMTableRow.swift */ = {isa = PBXFileReference; fileEncoding = 4; lastKnownFileType = sourcecode.swift; path = RMTableRow.swift; sourceTree = "<group>"; };
		A7BB5E251CD362F7007BC254 /* RMTableSection.swift */ = {isa = PBXFileReference; fileEncoding = 4; lastKnownFileType = sourcecode.swift; path = RMTableSection.swift; sourceTree = "<group>"; };
		A7BB5E271CD362F7007BC254 /* RMTableViewCell.swift */ = {isa = PBXFileReference; fileEncoding = 4; lastKnownFileType = sourcecode.swift; path = RMTableViewCell.swift; sourceTree = "<group>"; };
		A7C2CE5D1CD52352006C5E3F /* CIImage+Extensions.swift */ = {isa = PBXFileReference; fileEncoding = 4; lastKnownFileType = sourcecode.swift; path = "CIImage+Extensions.swift"; sourceTree = "<group>"; };
		A7C2CE6B1CD59AED006C5E3F /* UIImage+Extensions.swift */ = {isa = PBXFileReference; fileEncoding = 4; lastKnownFileType = sourcecode.swift; path = "UIImage+Extensions.swift"; sourceTree = "<group>"; };
		A7C40A501CE2846D008A1C8B /* UILabel+Extensions.swift */ = {isa = PBXFileReference; fileEncoding = 4; lastKnownFileType = sourcecode.swift; path = "UILabel+Extensions.swift"; sourceTree = "<group>"; };
		A7C609AE1CED5E4600952F1F /* RMTableSectionView.swift */ = {isa = PBXFileReference; fileEncoding = 4; lastKnownFileType = sourcecode.swift; path = RMTableSectionView.swift; sourceTree = "<group>"; };
		A7CA312A1CD3C5920085AEB1 /* RMTableManager.swift */ = {isa = PBXFileReference; fileEncoding = 4; lastKnownFileType = sourcecode.swift; path = RMTableManager.swift; sourceTree = "<group>"; };
		A7CA31331CD3C8F40085AEB1 /* UIColor+Extensions.swift */ = {isa = PBXFileReference; fileEncoding = 4; lastKnownFileType = sourcecode.swift; path = "UIColor+Extensions.swift"; sourceTree = "<group>"; };
		A7CA31381CD3C9700085AEB1 /* String+Extensions.swift */ = {isa = PBXFileReference; fileEncoding = 4; lastKnownFileType = sourcecode.swift; path = "String+Extensions.swift"; sourceTree = "<group>"; };
		A7CA31411CD3EA7D0085AEB1 /* RMCollectionSection.swift */ = {isa = PBXFileReference; fileEncoding = 4; lastKnownFileType = sourcecode.swift; path = RMCollectionSection.swift; sourceTree = "<group>"; };
		A7CA31441CD3EB420085AEB1 /* RMCollectionRow.swift */ = {isa = PBXFileReference; fileEncoding = 4; lastKnownFileType = sourcecode.swift; path = RMCollectionRow.swift; sourceTree = "<group>"; };
		A7CA31461CD3EB8C0085AEB1 /* RMCollectionViewCell.swift */ = {isa = PBXFileReference; fileEncoding = 4; lastKnownFileType = sourcecode.swift; path = RMCollectionViewCell.swift; sourceTree = "<group>"; };
		A7CA31481CD3EC320085AEB1 /* RMCollectionManager.swift */ = {isa = PBXFileReference; fileEncoding = 4; lastKnownFileType = sourcecode.swift; path = RMCollectionManager.swift; sourceTree = "<group>"; };
		A7DDA3081CFB57D300A92F50 /* RMCollectionSectionView.swift */ = {isa = PBXFileReference; fileEncoding = 4; lastKnownFileType = sourcecode.swift; path = RMCollectionSectionView.swift; sourceTree = "<group>"; };
		C05C78E65C8ED782AC03CB9D /* Pods-BasePods-RMCore.debug.xcconfig */ = {isa = PBXFileReference; includeInIndex = 1; lastKnownFileType = text.xcconfig; name = "Pods-BasePods-RMCore.debug.xcconfig"; path = "Pods/Target Support Files/Pods-BasePods-RMCore/Pods-BasePods-RMCore.debug.xcconfig"; sourceTree = "<group>"; };
		C26AD1ED1F44B1A300D1F2BD /* HasReuseIdentifier.swift */ = {isa = PBXFileReference; fileEncoding = 4; lastKnownFileType = sourcecode.swift; path = HasReuseIdentifier.swift; sourceTree = "<group>"; };
		C26AD1EF1F44B28500D1F2BD /* HashableType.swift */ = {isa = PBXFileReference; fileEncoding = 4; lastKnownFileType = sourcecode.swift; path = HashableType.swift; sourceTree = "<group>"; };
		C20C522B1F2295C800DC3393 /* RMTableManager+Workaround.m */ = {isa = PBXFileReference; fileEncoding = 4; lastKnownFileType = sourcecode.c.objc; path = "RMTableManager+Workaround.m"; sourceTree = "<group>"; };
		EBBA3CB844D4CCE0158C9010 /* Pods-BasePods-RMCore.release.xcconfig */ = {isa = PBXFileReference; includeInIndex = 1; lastKnownFileType = text.xcconfig; name = "Pods-BasePods-RMCore.release.xcconfig"; path = "Pods/Target Support Files/Pods-BasePods-RMCore/Pods-BasePods-RMCore.release.xcconfig"; sourceTree = "<group>"; };
		F0F75D6529A8FBED391CD867 /* Pods_BasePods_RMCore.framework */ = {isa = PBXFileReference; explicitFileType = wrapper.framework; includeInIndex = 0; path = Pods_BasePods_RMCore.framework; sourceTree = BUILT_PRODUCTS_DIR; };
/* End PBXFileReference section */

/* Begin PBXFrameworksBuildPhase section */
		A7BB5E021CD36275007BC254 /* Frameworks */ = {
			isa = PBXFrameworksBuildPhase;
			buildActionMask = 2147483647;
			files = (
				A578A009C6A418F567FF9417 /* Pods_BasePods_RMCore.framework in Frameworks */,
			);
			runOnlyForDeploymentPostprocessing = 0;
		};
		A7BB5E0D1CD36275007BC254 /* Frameworks */ = {
			isa = PBXFrameworksBuildPhase;
			buildActionMask = 2147483647;
			files = (
				A7BB5E111CD36275007BC254 /* RMCore.framework in Frameworks */,
			);
			runOnlyForDeploymentPostprocessing = 0;
		};
/* End PBXFrameworksBuildPhase section */

/* Begin PBXGroup section */
		1DAD5A0A144493BBE845DB4D /* Frameworks */ = {
			isa = PBXGroup;
			children = (
				8C71DBAE9A58A694A13D1ABC /* Pods.framework */,
				F0F75D6529A8FBED391CD867 /* Pods_BasePods_RMCore.framework */,
			);
			name = Frameworks;
			sourceTree = "<group>";
		};
		261BB2A90B1FC6507CC1259E /* Pods */ = {
			isa = PBXGroup;
			children = (
				C05C78E65C8ED782AC03CB9D /* Pods-BasePods-RMCore.debug.xcconfig */,
				EBBA3CB844D4CCE0158C9010 /* Pods-BasePods-RMCore.release.xcconfig */,
			);
			name = Pods;
			sourceTree = "<group>";
		};
		A7BB5DFC1CD36275007BC254 = {
			isa = PBXGroup;
			children = (
				A7BB5E081CD36275007BC254 /* RMCore */,
				A7BB5E141CD36275007BC254 /* RMCoreTests */,
				A7BB5E071CD36275007BC254 /* Products */,
				1DAD5A0A144493BBE845DB4D /* Frameworks */,
				261BB2A90B1FC6507CC1259E /* Pods */,
			);
			sourceTree = "<group>";
		};
		A7BB5E071CD36275007BC254 /* Products */ = {
			isa = PBXGroup;
			children = (
				A7BB5E061CD36275007BC254 /* RMCore.framework */,
				A7BB5E101CD36275007BC254 /* RMCoreTests.xctest */,
			);
			name = Products;
			sourceTree = "<group>";
		};
		A7BB5E081CD36275007BC254 /* RMCore */ = {
			isa = PBXGroup;
			children = (
				C26AD1EC1F44B17500D1F2BD /* Helpers */,
				A7BB5E201CD362F7007BC254 /* Extensions */,
				A7CA313E1CD3EA730085AEB1 /* Collection Manager */,
				A7BB5E221CD362F7007BC254 /* Table Manager */,
				A7BB5E091CD36275007BC254 /* RMCore.h */,
				A7BB5E0B1CD36275007BC254 /* Info.plist */,
			);
			path = RMCore;
			sourceTree = "<group>";
		};
		A7BB5E141CD36275007BC254 /* RMCoreTests */ = {
			isa = PBXGroup;
			children = (
				A7BB5E151CD36275007BC254 /* RMCoreTests.swift */,
				A7BB5E171CD36275007BC254 /* Info.plist */,
			);
			path = RMCoreTests;
			sourceTree = "<group>";
		};
		A7BB5E201CD362F7007BC254 /* Extensions */ = {
			isa = PBXGroup;
			children = (
				A7BB5E211CD362F7007BC254 /* UIView+Extensions.swift */,
				A7CA31331CD3C8F40085AEB1 /* UIColor+Extensions.swift */,
				A7CA31381CD3C9700085AEB1 /* String+Extensions.swift */,
				A7C2CE5D1CD52352006C5E3F /* CIImage+Extensions.swift */,
				A7C2CE6B1CD59AED006C5E3F /* UIImage+Extensions.swift */,
				A7C40A501CE2846D008A1C8B /* UILabel+Extensions.swift */,
				A764DE781E395723001541E8 /* CollectionType+Extensions.swift */,
			);
			path = Extensions;
			sourceTree = "<group>";
		};
		A7BB5E221CD362F7007BC254 /* Table Manager */ = {
			isa = PBXGroup;
			children = (
				A7BB5E231CD362F7007BC254 /* Models */,
				A7BB5E261CD362F7007BC254 /* Views */,
				A7CA312A1CD3C5920085AEB1 /* RMTableManager.swift */,
				C20C522B1F2295C800DC3393 /* RMTableManager+Workaround.m */,
			);
			path = "Table Manager";
			sourceTree = "<group>";
		};
		A7BB5E231CD362F7007BC254 /* Models */ = {
			isa = PBXGroup;
			children = (
				A7BB5E241CD362F7007BC254 /* RMTableRow.swift */,
				A7BB5E251CD362F7007BC254 /* RMTableSection.swift */,
			);
			path = Models;
			sourceTree = "<group>";
		};
		A7BB5E261CD362F7007BC254 /* Views */ = {
			isa = PBXGroup;
			children = (
				A7BB5E271CD362F7007BC254 /* RMTableViewCell.swift */,
				A7C609AE1CED5E4600952F1F /* RMTableSectionView.swift */,
			);
			path = Views;
			sourceTree = "<group>";
		};
		A7CA313E1CD3EA730085AEB1 /* Collection Manager */ = {
			isa = PBXGroup;
			children = (
				A7CA313F1CD3EA730085AEB1 /* Models */,
				A7CA31401CD3EA730085AEB1 /* Views */,
				A7CA31481CD3EC320085AEB1 /* RMCollectionManager.swift */,
			);
			path = "Collection Manager";
			sourceTree = "<group>";
		};
		A7CA313F1CD3EA730085AEB1 /* Models */ = {
			isa = PBXGroup;
			children = (
				A7CA31411CD3EA7D0085AEB1 /* RMCollectionSection.swift */,
				A7CA31441CD3EB420085AEB1 /* RMCollectionRow.swift */,
			);
			path = Models;
			sourceTree = "<group>";
		};
		A7CA31401CD3EA730085AEB1 /* Views */ = {
			isa = PBXGroup;
			children = (
				A7CA31461CD3EB8C0085AEB1 /* RMCollectionViewCell.swift */,
				A7DDA3081CFB57D300A92F50 /* RMCollectionSectionView.swift */,
			);
			path = Views;
			sourceTree = "<group>";
		};
		C26AD1EC1F44B17500D1F2BD /* Helpers */ = {
			isa = PBXGroup;
			children = (
				C26AD1ED1F44B1A300D1F2BD /* HasReuseIdentifier.swift */,
				C26AD1EF1F44B28500D1F2BD /* HashableType.swift */,
			);
			path = Helpers;
			sourceTree = "<group>";
		};
/* End PBXGroup section */

/* Begin PBXHeadersBuildPhase section */
		A7BB5E031CD36275007BC254 /* Headers */ = {
			isa = PBXHeadersBuildPhase;
			buildActionMask = 2147483647;
			files = (
				A7BB5E0A1CD36275007BC254 /* RMCore.h in Headers */,
			);
			runOnlyForDeploymentPostprocessing = 0;
		};
/* End PBXHeadersBuildPhase section */

/* Begin PBXNativeTarget section */
		A7BB5E051CD36275007BC254 /* RMCore */ = {
			isa = PBXNativeTarget;
			buildConfigurationList = A7BB5E1A1CD36275007BC254 /* Build configuration list for PBXNativeTarget "RMCore" */;
			buildPhases = (
				79DE2A16802A990EF66DF38D /* [CP] Check Pods Manifest.lock */,
				A7BB5E011CD36275007BC254 /* Sources */,
				A7BB5E021CD36275007BC254 /* Frameworks */,
				A7BB5E031CD36275007BC254 /* Headers */,
				A7BB5E041CD36275007BC254 /* Resources */,
				8D8D45F5EEB8BE53DCFA089C /* [CP] Copy Pods Resources */,
			);
			buildRules = (
			);
			dependencies = (
			);
			name = RMCore;
			productName = RMCore;
			productReference = A7BB5E061CD36275007BC254 /* RMCore.framework */;
			productType = "com.apple.product-type.framework";
		};
		A7BB5E0F1CD36275007BC254 /* RMCoreTests */ = {
			isa = PBXNativeTarget;
			buildConfigurationList = A7BB5E1D1CD36275007BC254 /* Build configuration list for PBXNativeTarget "RMCoreTests" */;
			buildPhases = (
				A7BB5E0C1CD36275007BC254 /* Sources */,
				A7BB5E0D1CD36275007BC254 /* Frameworks */,
				A7BB5E0E1CD36275007BC254 /* Resources */,
			);
			buildRules = (
			);
			dependencies = (
				A7BB5E131CD36275007BC254 /* PBXTargetDependency */,
			);
			name = RMCoreTests;
			productName = RMCoreTests;
			productReference = A7BB5E101CD36275007BC254 /* RMCoreTests.xctest */;
			productType = "com.apple.product-type.bundle.unit-test";
		};
/* End PBXNativeTarget section */

/* Begin PBXProject section */
		A7BB5DFD1CD36275007BC254 /* Project object */ = {
			isa = PBXProject;
			attributes = {
				LastSwiftUpdateCheck = 0730;
				LastUpgradeCheck = 0820;
				ORGANIZATIONNAME = "Ryan Mannion";
				TargetAttributes = {
					A7BB5E051CD36275007BC254 = {
						CreatedOnToolsVersion = 7.3.1;
					};
					A7BB5E0F1CD36275007BC254 = {
						CreatedOnToolsVersion = 7.3.1;
					};
				};
			};
			buildConfigurationList = A7BB5E001CD36275007BC254 /* Build configuration list for PBXProject "RMCore" */;
			compatibilityVersion = "Xcode 3.2";
			developmentRegion = English;
			hasScannedForEncodings = 0;
			knownRegions = (
				en,
			);
			mainGroup = A7BB5DFC1CD36275007BC254;
			productRefGroup = A7BB5E071CD36275007BC254 /* Products */;
			projectDirPath = "";
			projectRoot = "";
			targets = (
				A7BB5E051CD36275007BC254 /* RMCore */,
				A7BB5E0F1CD36275007BC254 /* RMCoreTests */,
			);
		};
/* End PBXProject section */

/* Begin PBXResourcesBuildPhase section */
		A7BB5E041CD36275007BC254 /* Resources */ = {
			isa = PBXResourcesBuildPhase;
			buildActionMask = 2147483647;
			files = (
			);
			runOnlyForDeploymentPostprocessing = 0;
		};
		A7BB5E0E1CD36275007BC254 /* Resources */ = {
			isa = PBXResourcesBuildPhase;
			buildActionMask = 2147483647;
			files = (
			);
			runOnlyForDeploymentPostprocessing = 0;
		};
/* End PBXResourcesBuildPhase section */

/* Begin PBXShellScriptBuildPhase section */
		79DE2A16802A990EF66DF38D /* [CP] Check Pods Manifest.lock */ = {
			isa = PBXShellScriptBuildPhase;
			buildActionMask = 2147483647;
			files = (
			);
			inputPaths = (
			);
			name = "[CP] Check Pods Manifest.lock";
			outputPaths = (
			);
			runOnlyForDeploymentPostprocessing = 0;
			shellPath = /bin/sh;
			shellScript = "diff \"${PODS_ROOT}/../Podfile.lock\" \"${PODS_ROOT}/Manifest.lock\" > /dev/null\nif [ $? != 0 ] ; then\n    # print error to STDERR\n    echo \"error: The sandbox is not in sync with the Podfile.lock. Run 'pod install' or update your CocoaPods installation.\" >&2\n    exit 1\nfi\n";
			showEnvVarsInLog = 0;
		};
		8D8D45F5EEB8BE53DCFA089C /* [CP] Copy Pods Resources */ = {
			isa = PBXShellScriptBuildPhase;
			buildActionMask = 2147483647;
			files = (
			);
			inputPaths = (
			);
			name = "[CP] Copy Pods Resources";
			outputPaths = (
			);
			runOnlyForDeploymentPostprocessing = 0;
			shellPath = /bin/sh;
			shellScript = "\"${SRCROOT}/Pods/Target Support Files/Pods-BasePods-RMCore/Pods-BasePods-RMCore-resources.sh\"\n";
			showEnvVarsInLog = 0;
		};
/* End PBXShellScriptBuildPhase section */

/* Begin PBXSourcesBuildPhase section */
		A7BB5E011CD36275007BC254 /* Sources */ = {
			isa = PBXSourcesBuildPhase;
			buildActionMask = 2147483647;
			files = (
				A7BB5E291CD362F7007BC254 /* RMTableRow.swift in Sources */,
				A7C609AF1CED5E4600952F1F /* RMTableSectionView.swift in Sources */,
				A7CA31391CD3C9700085AEB1 /* String+Extensions.swift in Sources */,
				C26AD1F01F44B28500D1F2BD /* HashableType.swift in Sources */,
				A7DDA3091CFB57D300A92F50 /* RMCollectionSectionView.swift in Sources */,
				A7CA31491CD3EC320085AEB1 /* RMCollectionManager.swift in Sources */,
				A7CA31341CD3C8F40085AEB1 /* UIColor+Extensions.swift in Sources */,
				A7CA31471CD3EB8C0085AEB1 /* RMCollectionViewCell.swift in Sources */,
				C20C522D1F2295C800DC3393 /* RMTableManager+Workaround.m in Sources */,
				A7CA312B1CD3C5920085AEB1 /* RMTableManager.swift in Sources */,
				A7C40A511CE2846D008A1C8B /* UILabel+Extensions.swift in Sources */,
				A7CA31421CD3EA7D0085AEB1 /* RMCollectionSection.swift in Sources */,
				A7BB5E2A1CD362F7007BC254 /* RMTableSection.swift in Sources */,
				A7CA31451CD3EB420085AEB1 /* RMCollectionRow.swift in Sources */,
				C26AD1EE1F44B1A300D1F2BD /* HasReuseIdentifier.swift in Sources */,
				A7C2CE5E1CD52352006C5E3F /* CIImage+Extensions.swift in Sources */,
				A7C2CE6C1CD59AED006C5E3F /* UIImage+Extensions.swift in Sources */,
				A764DE791E395723001541E8 /* CollectionType+Extensions.swift in Sources */,
				A7BB5E2B1CD362F7007BC254 /* RMTableViewCell.swift in Sources */,
				A7BB5E281CD362F7007BC254 /* UIView+Extensions.swift in Sources */,
			);
			runOnlyForDeploymentPostprocessing = 0;
		};
		A7BB5E0C1CD36275007BC254 /* Sources */ = {
			isa = PBXSourcesBuildPhase;
			buildActionMask = 2147483647;
			files = (
				A7BB5E161CD36275007BC254 /* RMCoreTests.swift in Sources */,
			);
			runOnlyForDeploymentPostprocessing = 0;
		};
/* End PBXSourcesBuildPhase section */

/* Begin PBXTargetDependency section */
		A7BB5E131CD36275007BC254 /* PBXTargetDependency */ = {
			isa = PBXTargetDependency;
			target = A7BB5E051CD36275007BC254 /* RMCore */;
			targetProxy = A7BB5E121CD36275007BC254 /* PBXContainerItemProxy */;
		};
/* End PBXTargetDependency section */

/* Begin XCBuildConfiguration section */
		A7BB5E181CD36275007BC254 /* Debug */ = {
			isa = XCBuildConfiguration;
			buildSettings = {
				ALWAYS_SEARCH_USER_PATHS = NO;
				CLANG_ANALYZER_NONNULL = YES;
				CLANG_CXX_LANGUAGE_STANDARD = "gnu++0x";
				CLANG_CXX_LIBRARY = "libc++";
				CLANG_ENABLE_MODULES = YES;
				CLANG_ENABLE_OBJC_ARC = YES;
				CLANG_WARN_BOOL_CONVERSION = YES;
				CLANG_WARN_CONSTANT_CONVERSION = YES;
				CLANG_WARN_DIRECT_OBJC_ISA_USAGE = YES_ERROR;
				CLANG_WARN_EMPTY_BODY = YES;
				CLANG_WARN_ENUM_CONVERSION = YES;
				CLANG_WARN_INFINITE_RECURSION = YES;
				CLANG_WARN_INT_CONVERSION = YES;
				CLANG_WARN_OBJC_ROOT_CLASS = YES_ERROR;
				CLANG_WARN_SUSPICIOUS_MOVE = YES;
				CLANG_WARN_UNREACHABLE_CODE = YES;
				CLANG_WARN__DUPLICATE_METHOD_MATCH = YES;
				"CODE_SIGN_IDENTITY[sdk=iphoneos*]" = "iPhone Developer";
				COPY_PHASE_STRIP = NO;
				CURRENT_PROJECT_VERSION = 1;
				DEBUG_INFORMATION_FORMAT = dwarf;
				ENABLE_STRICT_OBJC_MSGSEND = YES;
				ENABLE_TESTABILITY = YES;
				GCC_C_LANGUAGE_STANDARD = gnu99;
				GCC_DYNAMIC_NO_PIC = NO;
				GCC_NO_COMMON_BLOCKS = YES;
				GCC_OPTIMIZATION_LEVEL = 0;
				GCC_PREPROCESSOR_DEFINITIONS = (
					"DEBUG=1",
					"$(inherited)",
				);
				GCC_WARN_64_TO_32_BIT_CONVERSION = YES;
				GCC_WARN_ABOUT_RETURN_TYPE = YES_ERROR;
				GCC_WARN_UNDECLARED_SELECTOR = YES;
				GCC_WARN_UNINITIALIZED_AUTOS = YES_AGGRESSIVE;
				GCC_WARN_UNUSED_FUNCTION = YES;
				GCC_WARN_UNUSED_VARIABLE = YES;
				IPHONEOS_DEPLOYMENT_TARGET = 9.3;
				MTL_ENABLE_DEBUG_INFO = YES;
				ONLY_ACTIVE_ARCH = YES;
				SDKROOT = iphoneos;
				SWIFT_OPTIMIZATION_LEVEL = "-Onone";
				SWIFT_VERSION = 3.0;
				TARGETED_DEVICE_FAMILY = "1,2";
				VERSIONING_SYSTEM = "apple-generic";
				VERSION_INFO_PREFIX = "";
			};
			name = Debug;
		};
		A7BB5E191CD36275007BC254 /* Release */ = {
			isa = XCBuildConfiguration;
			buildSettings = {
				ALWAYS_SEARCH_USER_PATHS = NO;
				CLANG_ANALYZER_NONNULL = YES;
				CLANG_CXX_LANGUAGE_STANDARD = "gnu++0x";
				CLANG_CXX_LIBRARY = "libc++";
				CLANG_ENABLE_MODULES = YES;
				CLANG_ENABLE_OBJC_ARC = YES;
				CLANG_WARN_BOOL_CONVERSION = YES;
				CLANG_WARN_CONSTANT_CONVERSION = YES;
				CLANG_WARN_DIRECT_OBJC_ISA_USAGE = YES_ERROR;
				CLANG_WARN_EMPTY_BODY = YES;
				CLANG_WARN_ENUM_CONVERSION = YES;
				CLANG_WARN_INFINITE_RECURSION = YES;
				CLANG_WARN_INT_CONVERSION = YES;
				CLANG_WARN_OBJC_ROOT_CLASS = YES_ERROR;
				CLANG_WARN_SUSPICIOUS_MOVE = YES;
				CLANG_WARN_UNREACHABLE_CODE = YES;
				CLANG_WARN__DUPLICATE_METHOD_MATCH = YES;
				"CODE_SIGN_IDENTITY[sdk=iphoneos*]" = "iPhone Developer";
				COPY_PHASE_STRIP = NO;
				CURRENT_PROJECT_VERSION = 1;
				DEBUG_INFORMATION_FORMAT = "dwarf-with-dsym";
				ENABLE_NS_ASSERTIONS = NO;
				ENABLE_STRICT_OBJC_MSGSEND = YES;
				GCC_C_LANGUAGE_STANDARD = gnu99;
				GCC_NO_COMMON_BLOCKS = YES;
				GCC_WARN_64_TO_32_BIT_CONVERSION = YES;
				GCC_WARN_ABOUT_RETURN_TYPE = YES_ERROR;
				GCC_WARN_UNDECLARED_SELECTOR = YES;
				GCC_WARN_UNINITIALIZED_AUTOS = YES_AGGRESSIVE;
				GCC_WARN_UNUSED_FUNCTION = YES;
				GCC_WARN_UNUSED_VARIABLE = YES;
				IPHONEOS_DEPLOYMENT_TARGET = 9.3;
				MTL_ENABLE_DEBUG_INFO = NO;
				SDKROOT = iphoneos;
				SWIFT_OPTIMIZATION_LEVEL = "-Owholemodule";
				SWIFT_VERSION = 3.0;
				TARGETED_DEVICE_FAMILY = "1,2";
				VALIDATE_PRODUCT = YES;
				VERSIONING_SYSTEM = "apple-generic";
				VERSION_INFO_PREFIX = "";
			};
			name = Release;
		};
		A7BB5E1B1CD36275007BC254 /* Debug */ = {
			isa = XCBuildConfiguration;
			baseConfigurationReference = C05C78E65C8ED782AC03CB9D /* Pods-BasePods-RMCore.debug.xcconfig */;
			buildSettings = {
				"CODE_SIGN_IDENTITY[sdk=iphoneos*]" = "";
				DEFINES_MODULE = YES;
				DYLIB_COMPATIBILITY_VERSION = 1;
				DYLIB_CURRENT_VERSION = 1;
				DYLIB_INSTALL_NAME_BASE = "@rpath";
				INFOPLIST_FILE = RMCore/Info.plist;
				INSTALL_PATH = "$(LOCAL_LIBRARY_DIR)/Frameworks";
				IPHONEOS_DEPLOYMENT_TARGET = 9.0;
				LD_RUNPATH_SEARCH_PATHS = "$(inherited) @executable_path/Frameworks @loader_path/Frameworks";
				PRODUCT_BUNDLE_IDENTIFIER = net.ardiem.RMCore;
				PRODUCT_NAME = "$(TARGET_NAME)";
				SKIP_INSTALL = YES;
			};
			name = Debug;
		};
		A7BB5E1C1CD36275007BC254 /* Release */ = {
			isa = XCBuildConfiguration;
			baseConfigurationReference = EBBA3CB844D4CCE0158C9010 /* Pods-BasePods-RMCore.release.xcconfig */;
			buildSettings = {
				"CODE_SIGN_IDENTITY[sdk=iphoneos*]" = "";
				DEFINES_MODULE = YES;
				DYLIB_COMPATIBILITY_VERSION = 1;
				DYLIB_CURRENT_VERSION = 1;
				DYLIB_INSTALL_NAME_BASE = "@rpath";
				INFOPLIST_FILE = RMCore/Info.plist;
				INSTALL_PATH = "$(LOCAL_LIBRARY_DIR)/Frameworks";
				IPHONEOS_DEPLOYMENT_TARGET = 9.0;
				LD_RUNPATH_SEARCH_PATHS = "$(inherited) @executable_path/Frameworks @loader_path/Frameworks";
				PRODUCT_BUNDLE_IDENTIFIER = net.ardiem.RMCore;
				PRODUCT_NAME = "$(TARGET_NAME)";
				SKIP_INSTALL = YES;
			};
			name = Release;
		};
		A7BB5E1E1CD36275007BC254 /* Debug */ = {
			isa = XCBuildConfiguration;
			buildSettings = {
				INFOPLIST_FILE = RMCoreTests/Info.plist;
				LD_RUNPATH_SEARCH_PATHS = "$(inherited) @executable_path/Frameworks @loader_path/Frameworks";
				PRODUCT_BUNDLE_IDENTIFIER = net.ardiem.RMCoreTests;
				PRODUCT_NAME = "$(TARGET_NAME)";
			};
			name = Debug;
		};
		A7BB5E1F1CD36275007BC254 /* Release */ = {
			isa = XCBuildConfiguration;
			buildSettings = {
				INFOPLIST_FILE = RMCoreTests/Info.plist;
				LD_RUNPATH_SEARCH_PATHS = "$(inherited) @executable_path/Frameworks @loader_path/Frameworks";
				PRODUCT_BUNDLE_IDENTIFIER = net.ardiem.RMCoreTests;
				PRODUCT_NAME = "$(TARGET_NAME)";
			};
			name = Release;
		};
/* End XCBuildConfiguration section */

/* Begin XCConfigurationList section */
		A7BB5E001CD36275007BC254 /* Build configuration list for PBXProject "RMCore" */ = {
			isa = XCConfigurationList;
			buildConfigurations = (
				A7BB5E181CD36275007BC254 /* Debug */,
				A7BB5E191CD36275007BC254 /* Release */,
			);
			defaultConfigurationIsVisible = 0;
			defaultConfigurationName = Release;
		};
		A7BB5E1A1CD36275007BC254 /* Build configuration list for PBXNativeTarget "RMCore" */ = {
			isa = XCConfigurationList;
			buildConfigurations = (
				A7BB5E1B1CD36275007BC254 /* Debug */,
				A7BB5E1C1CD36275007BC254 /* Release */,
			);
			defaultConfigurationIsVisible = 0;
			defaultConfigurationName = Release;
		};
		A7BB5E1D1CD36275007BC254 /* Build configuration list for PBXNativeTarget "RMCoreTests" */ = {
			isa = XCConfigurationList;
			buildConfigurations = (
				A7BB5E1E1CD36275007BC254 /* Debug */,
				A7BB5E1F1CD36275007BC254 /* Release */,
			);
			defaultConfigurationIsVisible = 0;
			defaultConfigurationName = Release;
		};
/* End XCConfigurationList section */
	};
	rootObject = A7BB5DFD1CD36275007BC254 /* Project object */;
}
